
Microsoft Visual Studio Solution File, Format Version 12.00
# Visual Studio Version 17
VisualStudioVersion = 17.0.31903.59
MinimumVisualStudioVersion = 10.0.40219.1
Project("{9A19103F-16F7-4668-BE54-9A1E7A4F7556}") = "Ledgermain.Client", "src\Ledgermain\Client\Ledgermain.Client.csproj", "{EB0B764B-5BE0-413E-A6B4-B39DC4E998ED}"
EndProject
Project("{9A19103F-16F7-4668-BE54-9A1E7A4F7556}") = "Ledgermain.Server", "src\Ledgermain\Server\Ledgermain.Server.csproj", "{6701CA78-5A43-423E-9421-170972F1FC44}"
EndProject
Project("{9A19103F-16F7-4668-BE54-9A1E7A4F7556}") = "Ledgermain.Shared", "src\Ledgermain\Shared\Ledgermain.Shared.csproj", "{0333967D-882F-4783-AE0D-AD5AFB7FB303}"
EndProject
Project("{9A19103F-16F7-4668-BE54-9A1E7A4F7556}") = "Ledgermain.Shared.Test", "test\Ledgermain.Shared.Test\Ledgermain.Shared.Test.csproj", "{90A5DF83-2A99-4F7E-BA78-FD4B2824522C}"
EndProject
Global
	GlobalSection(SolutionConfigurationPlatforms) = preSolution
		Debug|Any CPU = Debug|Any CPU
		Release|Any CPU = Release|Any CPU
	EndGlobalSection
	GlobalSection(ProjectConfigurationPlatforms) = postSolution
		{EB0B764B-5BE0-413E-A6B4-B39DC4E998ED}.Debug|Any CPU.ActiveCfg = Debug|Any CPU
		{EB0B764B-5BE0-413E-A6B4-B39DC4E998ED}.Debug|Any CPU.Build.0 = Debug|Any CPU
		{EB0B764B-5BE0-413E-A6B4-B39DC4E998ED}.Release|Any CPU.ActiveCfg = Release|Any CPU
		{EB0B764B-5BE0-413E-A6B4-B39DC4E998ED}.Release|Any CPU.Build.0 = Release|Any CPU
		{6701CA78-5A43-423E-9421-170972F1FC44}.Debug|Any CPU.ActiveCfg = Debug|Any CPU
		{6701CA78-5A43-423E-9421-170972F1FC44}.Debug|Any CPU.Build.0 = Debug|Any CPU
		{6701CA78-5A43-423E-9421-170972F1FC44}.Release|Any CPU.ActiveCfg = Release|Any CPU
		{6701CA78-5A43-423E-9421-170972F1FC44}.Release|Any CPU.Build.0 = Release|Any CPU
		{0333967D-882F-4783-AE0D-AD5AFB7FB303}.Debug|Any CPU.ActiveCfg = Debug|Any CPU
		{0333967D-882F-4783-AE0D-AD5AFB7FB303}.Debug|Any CPU.Build.0 = Debug|Any CPU
		{0333967D-882F-4783-AE0D-AD5AFB7FB303}.Release|Any CPU.ActiveCfg = Release|Any CPU
		{0333967D-882F-4783-AE0D-AD5AFB7FB303}.Release|Any CPU.Build.0 = Release|Any CPU
		{90A5DF83-2A99-4F7E-BA78-FD4B2824522C}.Debug|Any CPU.ActiveCfg = Debug|Any CPU
		{90A5DF83-2A99-4F7E-BA78-FD4B2824522C}.Debug|Any CPU.Build.0 = Debug|Any CPU
		{90A5DF83-2A99-4F7E-BA78-FD4B2824522C}.Release|Any CPU.ActiveCfg = Release|Any CPU
		{90A5DF83-2A99-4F7E-BA78-FD4B2824522C}.Release|Any CPU.Build.0 = Release|Any CPU
	EndGlobalSection
	GlobalSection(SolutionProperties) = preSolution
		HideSolutionNode = FALSE
	EndGlobalSection
	GlobalSection(ExtensibilityGlobals) = postSolution
		SolutionGuid = {2AC99F1D-1A67-45AA-9566-11147DA3DC77}
	EndGlobalSection
EndGlobal
